Microsoft Visual Studio Solution File, Format Version 12.00
# Visual Studio Version 17
VisualStudioVersion = 17.5.2.0
MinimumVisualStudioVersion = 10.0.40219.1
Project("{FAE04EC0-301F-11D3-BF4B-00C04F79EFBC}") = "Hospital.Api", "Hospital.Api\Hospital.Api.csproj", "{BB59596E-19EA-B14F-73E7-70718B4784DB}"
EndProject
Global
	GlobalSection(SolutionConfigurationPlatforms) = preSolution
		Debug|Any CPU = Debug|Any CPU
		Release|Any CPU = Release|Any CPU
	EndGlobalSection
	GlobalSection(ProjectConfigurationPlatforms) = postSolution
		{BB59596E-19EA-B14F-73E7-70718B4784DB}.Debug|Any CPU.ActiveCfg = Debug|Any CPU
		{BB59596E-19EA-B14F-73E7-70718B4784DB}.Debug|Any CPU.Build.0 = Debug|Any CPU
		{BB59596E-19EA-B14F-73E7-70718B4784DB}.Release|Any CPU.ActiveCfg = Release|Any CPU
		{BB59596E-19EA-B14F-73E7-70718B4784DB}.Release|Any CPU.Build.0 = Release|Any CPU
	EndGlobalSection
	GlobalSection(SolutionProperties) = preSolution
		HideSolutionNode = FALSE
	EndGlobalSection
	GlobalSection(ExtensibilityGlobals) = postSolution
		SolutionGuid = {8C551700-113C-457E-947D-9A8D6077ED67}
	EndGlobalSection
EndGlobal
